
Microsoft Visual Studio Solution File, Format Version 12.00
# Visual Studio 14
VisualStudioVersion = 14.0.25420.1
MinimumVisualStudioVersion = 10.0.40219.1
Project("{2150E333-8FDC-42A3-9474-1A3956D46DE8}") = "src", "src", "{FBCDE23A-105B-48E6-8F6E-C24DAF2DE86B}"
EndProject
Project("{2150E333-8FDC-42A3-9474-1A3956D46DE8}") = "Solution Items", "Solution Items", "{3B079235-1D10-4CD7-BA48-F9789458FF55}"
	ProjectSection(SolutionItems) = preProject
		global.json = global.json
	EndProjectSection
EndProject
Project("{FAE04EC0-301F-11D3-BF4B-00C04F79EFBC}") = "FRES.Common", "src\FRES.Common\FRES.Common.csproj", "{DC37F8E1-DB57-415F-8AEF-E57B2080A25E}"
EndProject
Project("{FAE04EC0-301F-11D3-BF4B-00C04F79EFBC}") = "FRES.Source.Extract", "src\FRES.Source.Extract\FRES.Source.Extract.csproj", "{81CE8992-5F77-4096-B9CE-1207792C5802}"
EndProject
Project("{FAE04EC0-301F-11D3-BF4B-00C04F79EFBC}") = "FRES.Data", "src\FRES.Data\FRES.Data.csproj", "{42C7187D-FB7E-4E83-9423-AAD4C0451A11}"
EndProject
Project("{FAE04EC0-301F-11D3-BF4B-00C04F79EFBC}") = "FRES.Source.Worker", "src\FRES.Source.Worker\FRES.Source.Worker.csproj", "{B0E41B36-4494-48BF-BCC9-0D0427BC5BB5}"
EndProject
Project("{FAE04EC0-301F-11D3-BF4B-00C04F79EFBC}") = "FRES.Source.Transform", "src\FRES.Source.Transform\FRES.Source.Transform.csproj", "{4D32AB13-3C84-4D84-BE33-3B7C3B1C02A2}"
EndProject
Project("{FAE04EC0-301F-11D3-BF4B-00C04F79EFBC}") = "FRES.Structure", "src\FRES.Structure\FRES.Structure.csproj", "{96F6D461-8A4B-4249-BF88-6D6971E72F37}"
EndProject
Project("{FAE04EC0-301F-11D3-BF4B-00C04F79EFBC}") = "FRES.Source.Load", "src\FRES.Source.Load\FRES.Source.Load.csproj", "{C3CFA64C-36B6-41B8-ADFB-01D7668349DF}"
EndProject
Project("{FAE04EC0-301F-11D3-BF4B-00C04F79EFBC}") = "FRES.Source.Map.Worker", "src\FRES.Source.Map.Worker\FRES.Source.Map.Worker.csproj", "{0CAC41AC-F8DF-48C7-B3A8-79B258284129}"
EndProject
Project("{FAE04EC0-301F-11D3-BF4B-00C04F79EFBC}") = "FRES.Source.Map", "src\FRES.Source.Map\FRES.Source.Map.csproj", "{2DDE9E09-3C09-4BAE-8B66-6DEB926821CF}"
EndProject
Global
	GlobalSection(SolutionConfigurationPlatforms) = preSolution
		Debug|Any CPU = Debug|Any CPU
		Release|Any CPU = Release|Any CPU
	EndGlobalSection
	GlobalSection(ProjectConfigurationPlatforms) = postSolution
		{DC37F8E1-DB57-415F-8AEF-E57B2080A25E}.Debug|Any CPU.ActiveCfg = Debug|Any CPU
		{DC37F8E1-DB57-415F-8AEF-E57B2080A25E}.Debug|Any CPU.Build.0 = Debug|Any CPU
		{DC37F8E1-DB57-415F-8AEF-E57B2080A25E}.Release|Any CPU.ActiveCfg = Release|Any CPU
		{DC37F8E1-DB57-415F-8AEF-E57B2080A25E}.Release|Any CPU.Build.0 = Release|Any CPU
		{81CE8992-5F77-4096-B9CE-1207792C5802}.Debug|Any CPU.ActiveCfg = Debug|Any CPU
		{81CE8992-5F77-4096-B9CE-1207792C5802}.Debug|Any CPU.Build.0 = Debug|Any CPU
		{81CE8992-5F77-4096-B9CE-1207792C5802}.Release|Any CPU.ActiveCfg = Release|Any CPU
		{81CE8992-5F77-4096-B9CE-1207792C5802}.Release|Any CPU.Build.0 = Release|Any CPU
		{42C7187D-FB7E-4E83-9423-AAD4C0451A11}.Debug|Any CPU.ActiveCfg = Debug|Any CPU
		{42C7187D-FB7E-4E83-9423-AAD4C0451A11}.Debug|Any CPU.Build.0 = Debug|Any CPU
		{42C7187D-FB7E-4E83-9423-AAD4C0451A11}.Release|Any CPU.ActiveCfg = Release|Any CPU
		{42C7187D-FB7E-4E83-9423-AAD4C0451A11}.Release|Any CPU.Build.0 = Release|Any CPU
		{B0E41B36-4494-48BF-BCC9-0D0427BC5BB5}.Debug|Any CPU.ActiveCfg = Debug|Any CPU
		{B0E41B36-4494-48BF-BCC9-0D0427BC5BB5}.Debug|Any CPU.Build.0 = Debug|Any CPU
		{B0E41B36-4494-48BF-BCC9-0D0427BC5BB5}.Release|Any CPU.ActiveCfg = Release|Any CPU
		{B0E41B36-4494-48BF-BCC9-0D0427BC5BB5}.Release|Any CPU.Build.0 = Release|Any CPU
		{4D32AB13-3C84-4D84-BE33-3B7C3B1C02A2}.Debug|Any CPU.ActiveCfg = Debug|Any CPU
		{4D32AB13-3C84-4D84-BE33-3B7C3B1C02A2}.Debug|Any CPU.Build.0 = Debug|Any CPU
		{4D32AB13-3C84-4D84-BE33-3B7C3B1C02A2}.Release|Any CPU.ActiveCfg = Release|Any CPU
		{4D32AB13-3C84-4D84-BE33-3B7C3B1C02A2}.Release|Any CPU.Build.0 = Release|Any CPU
		{96F6D461-8A4B-4249-BF88-6D6971E72F37}.Debug|Any CPU.ActiveCfg = Debug|Any CPU
		{96F6D461-8A4B-4249-BF88-6D6971E72F37}.Debug|Any CPU.Build.0 = Debug|Any CPU
		{96F6D461-8A4B-4249-BF88-6D6971E72F37}.Release|Any CPU.ActiveCfg = Release|Any CPU
		{96F6D461-8A4B-4249-BF88-6D6971E72F37}.Release|Any CPU.Build.0 = Release|Any CPU
		{C3CFA64C-36B6-41B8-ADFB-01D7668349DF}.Debug|Any CPU.ActiveCfg = Debug|Any CPU
		{C3CFA64C-36B6-41B8-ADFB-01D7668349DF}.Debug|Any CPU.Build.0 = Debug|Any CPU
		{C3CFA64C-36B6-41B8-ADFB-01D7668349DF}.Release|Any CPU.ActiveCfg = Release|Any CPU
		{C3CFA64C-36B6-41B8-ADFB-01D7668349DF}.Release|Any CPU.Build.0 = Release|Any CPU
		{0CAC41AC-F8DF-48C7-B3A8-79B258284129}.Debug|Any CPU.ActiveCfg = Debug|Any CPU
		{0CAC41AC-F8DF-48C7-B3A8-79B258284129}.Debug|Any CPU.Build.0 = Debug|Any CPU
		{0CAC41AC-F8DF-48C7-B3A8-79B258284129}.Release|Any CPU.ActiveCfg = Release|Any CPU
		{0CAC41AC-F8DF-48C7-B3A8-79B258284129}.Release|Any CPU.Build.0 = Release|Any CPU
		{2DDE9E09-3C09-4BAE-8B66-6DEB926821CF}.Debug|Any CPU.ActiveCfg = Debug|Any CPU
		{2DDE9E09-3C09-4BAE-8B66-6DEB926821CF}.Debug|Any CPU.Build.0 = Debug|Any CPU
		{2DDE9E09-3C09-4BAE-8B66-6DEB926821CF}.Release|Any CPU.ActiveCfg = Release|Any CPU
		{2DDE9E09-3C09-4BAE-8B66-6DEB926821CF}.Release|Any CPU.Build.0 = Release|Any CPU
	EndGlobalSection
	GlobalSection(SolutionProperties) = preSolution
		HideSolutionNode = FALSE
	EndGlobalSection
	GlobalSection(NestedProjects) = preSolution
		{DC37F8E1-DB57-415F-8AEF-E57B2080A25E} = {FBCDE23A-105B-48E6-8F6E-C24DAF2DE86B}
		{81CE8992-5F77-4096-B9CE-1207792C5802} = {FBCDE23A-105B-48E6-8F6E-C24DAF2DE86B}
		{42C7187D-FB7E-4E83-9423-AAD4C0451A11} = {FBCDE23A-105B-48E6-8F6E-C24DAF2DE86B}
		{B0E41B36-4494-48BF-BCC9-0D0427BC5BB5} = {FBCDE23A-105B-48E6-8F6E-C24DAF2DE86B}
		{4D32AB13-3C84-4D84-BE33-3B7C3B1C02A2} = {FBCDE23A-105B-48E6-8F6E-C24DAF2DE86B}
		{96F6D461-8A4B-4249-BF88-6D6971E72F37} = {FBCDE23A-105B-48E6-8F6E-C24DAF2DE86B}
		{C3CFA64C-36B6-41B8-ADFB-01D7668349DF} = {FBCDE23A-105B-48E6-8F6E-C24DAF2DE86B}
		{0CAC41AC-F8DF-48C7-B3A8-79B258284129} = {FBCDE23A-105B-48E6-8F6E-C24DAF2DE86B}
		{2DDE9E09-3C09-4BAE-8B66-6DEB926821CF} = {FBCDE23A-105B-48E6-8F6E-C24DAF2DE86B}
	EndGlobalSection
EndGlobal
