
Microsoft Visual Studio Solution File, Format Version 12.00
# Visual Studio 15
VisualStudioVersion = 15.0.26430.13
MinimumVisualStudioVersion = 10.0.40219.1
Project("{9A19103F-16F7-4668-BE54-9A1E7A4F7556}") = "FRES.Web.UI", "FRES.Web.UI\FRES.Web.UI.csproj", "{4431901B-6382-4A30-9F9F-0EDE43E3345C}"
EndProject
Project("{9A19103F-16F7-4668-BE54-9A1E7A4F7556}") = "FRES.Web.UI2", "FRES.Web.UI2\FRES.Web.UI2.csproj", "{D0A75B28-AF2A-4A63-A60A-858768E650EB}"
EndProject
Project("{FAE04EC0-301F-11D3-BF4B-00C04F79EFBC}") = "ConsoleApp1", "ConsoleApp1\ConsoleApp1.csproj", "{28D04979-F94A-4898-A5A7-EED3BB71435F}"
EndProject
Global
	GlobalSection(SolutionConfigurationPlatforms) = preSolution
		Debug|Any CPU = Debug|Any CPU
		Release|Any CPU = Release|Any CPU
	EndGlobalSection
	GlobalSection(ProjectConfigurationPlatforms) = postSolution
		{4431901B-6382-4A30-9F9F-0EDE43E3345C}.Debug|Any CPU.ActiveCfg = Debug|Any CPU
		{4431901B-6382-4A30-9F9F-0EDE43E3345C}.Debug|Any CPU.Build.0 = Debug|Any CPU
		{4431901B-6382-4A30-9F9F-0EDE43E3345C}.Release|Any CPU.ActiveCfg = Release|Any CPU
		{4431901B-6382-4A30-9F9F-0EDE43E3345C}.Release|Any CPU.Build.0 = Release|Any CPU
		{D0A75B28-AF2A-4A63-A60A-858768E650EB}.Debug|Any CPU.ActiveCfg = Debug|Any CPU
		{D0A75B28-AF2A-4A63-A60A-858768E650EB}.Debug|Any CPU.Build.0 = Debug|Any CPU
		{D0A75B28-AF2A-4A63-A60A-858768E650EB}.Release|Any CPU.ActiveCfg = Release|Any CPU
		{D0A75B28-AF2A-4A63-A60A-858768E650EB}.Release|Any CPU.Build.0 = Release|Any CPU
		{28D04979-F94A-4898-A5A7-EED3BB71435F}.Debug|Any CPU.ActiveCfg = Debug|Any CPU
		{28D04979-F94A-4898-A5A7-EED3BB71435F}.Debug|Any CPU.Build.0 = Debug|Any CPU
		{28D04979-F94A-4898-A5A7-EED3BB71435F}.Release|Any CPU.ActiveCfg = Release|Any CPU
		{28D04979-F94A-4898-A5A7-EED3BB71435F}.Release|Any CPU.Build.0 = Release|Any CPU
	EndGlobalSection
	GlobalSection(SolutionProperties) = preSolution
		HideSolutionNode = FALSE
	EndGlobalSection
EndGlobal
